
Microsoft Visual Studio Solution File, Format Version 12.00
# Visual Studio Version 17
VisualStudioVersion = 17.3.32825.248
MinimumVisualStudioVersion = 10.0.40219.1
Project("{9A19103F-16F7-4668-BE54-9A1E7A4F7556}") = "Gateway.Api", "Gateway.Api\Gateway.Api.csproj", "{C2F4370F-AC26-4F62-9A70-ACE9F03A5198}"
EndProject
Project("{9A19103F-16F7-4668-BE54-9A1E7A4F7556}") = "Gateway.Model", "Gateway.Model\Gateway.Model.csproj", "{7FF1055B-C84E-45FB-8546-EFA39E64554D}"
EndProject
Global
	GlobalSection(SolutionConfigurationPlatforms) = preSolution
		Debug|Any CPU = Debug|Any CPU
		Release|Any CPU = Release|Any CPU
	EndGlobalSection
	GlobalSection(ProjectConfigurationPlatforms) = postSolution
		{C2F4370F-AC26-4F62-9A70-ACE9F03A5198}.Debug|Any CPU.ActiveCfg = Debug|Any CPU
		{C2F4370F-AC26-4F62-9A70-ACE9F03A5198}.Debug|Any CPU.Build.0 = Debug|Any CPU
		{C2F4370F-AC26-4F62-9A70-ACE9F03A5198}.Release|Any CPU.ActiveCfg = Release|Any CPU
		{C2F4370F-AC26-4F62-9A70-ACE9F03A5198}.Release|Any CPU.Build.0 = Release|Any CPU
		{7FF1055B-C84E-45FB-8546-EFA39E64554D}.Debug|Any CPU.ActiveCfg = Debug|Any CPU
		{7FF1055B-C84E-45FB-8546-EFA39E64554D}.Debug|Any CPU.Build.0 = Debug|Any CPU
		{7FF1055B-C84E-45FB-8546-EFA39E64554D}.Release|Any CPU.ActiveCfg = Release|Any CPU
		{7FF1055B-C84E-45FB-8546-EFA39E64554D}.Release|Any CPU.Build.0 = Release|Any CPU
	EndGlobalSection
	GlobalSection(SolutionProperties) = preSolution
		HideSolutionNode = FALSE
	EndGlobalSection
	GlobalSection(ExtensibilityGlobals) = postSolution
		SolutionGuid = {0CCE45C4-174A-4CEA-B241-3DC42AAA4B0C}
	EndGlobalSection
EndGlobal
